// !$*UTF8*$!
{
	archiveVersion = 1;
	classes = {
	};
	objectVersion = 51;
	objects = {

/* Begin PBXBuildFile section */
		0CC638BD263AF6B50045820F /* AppDelegate.swift in Sources */ = {isa = PBXBuildFile; fileRef = 0CC638BC263AF6B50045820F /* AppDelegate.swift */; };
		0CC638BF263AF6B50045820F /* SceneDelegate.swift in Sources */ = {isa = PBXBuildFile; fileRef = 0CC638BE263AF6B50045820F /* SceneDelegate.swift */; };
		0CC638C4263AF6B50045820F /* Main.storyboard in Resources */ = {isa = PBXBuildFile; fileRef = 0CC638C2263AF6B50045820F /* Main.storyboard */; };
		0CC638C6263AF6B70045820F /* Assets.xcassets in Resources */ = {isa = PBXBuildFile; fileRef = 0CC638C5263AF6B70045820F /* Assets.xcassets */; };
		0CC638C9263AF6B70045820F /* LaunchScreen.storyboard in Resources */ = {isa = PBXBuildFile; fileRef = 0CC638C7263AF6B70045820F /* LaunchScreen.storyboard */; };
		0CC638D3263AF9770045820F /* GoogleService-Info.plist in Resources */ = {isa = PBXBuildFile; fileRef = 0CC638D2263AF9770045820F /* GoogleService-Info.plist */; };
		0CC638DC263B07230045820F /* StudentListTableViewCell.swift in Sources */ = {isa = PBXBuildFile; fileRef = 0CC638DB263B07230045820F /* StudentListTableViewCell.swift */; };
		0CC638DE263B07F60045820F /* StudentListViewController.swift in Sources */ = {isa = PBXBuildFile; fileRef = 0CC638DD263B07F60045820F /* StudentListViewController.swift */; };
		0CC638E0263B11370045820F /* TabBarViewController.swift in Sources */ = {isa = PBXBuildFile; fileRef = 0CC638DF263B11370045820F /* TabBarViewController.swift */; };
		0CC638E2263C0D040045820F /* Student.swift in Sources */ = {isa = PBXBuildFile; fileRef = 0CC638E1263C0D040045820F /* Student.swift */; };
		0CC638E4263C10E10045820F /* AddStudentViewController.swift in Sources */ = {isa = PBXBuildFile; fileRef = 0CC638E3263C10E10045820F /* AddStudentViewController.swift */; };
		0CC638E8263C47820045820F /* StudentDetailViewController.swift in Sources */ = {isa = PBXBuildFile; fileRef = 0CC638E7263C47820045820F /* StudentDetailViewController.swift */; };
		0CC638EF263D46F80045820F /* MarkingStudentViewController.swift in Sources */ = {isa = PBXBuildFile; fileRef = 0CC638EE263D46F80045820F /* MarkingStudentViewController.swift */; };
		0CC638F3263D4D6F0045820F /* MarkingStudentTableViewCell.swift in Sources */ = {isa = PBXBuildFile; fileRef = 0CC638F2263D4D6F0045820F /* MarkingStudentTableViewCell.swift */; };
		0CC638F5263FAE9B0045820F /* WeeklySummaryTableViewCell.swift in Sources */ = {isa = PBXBuildFile; fileRef = 0CC638F4263FAE9B0045820F /* WeeklySummaryTableViewCell.swift */; };
		0CC638F7263FB2A40045820F /* WeeklySummaryViewController.swift in Sources */ = {isa = PBXBuildFile; fileRef = 0CC638C0263AF6B50045820F /* WeeklySummaryViewController.swift */; };
		0CC638FA264186B30045820F /* MarkingScheme.swift in Sources */ = {isa = PBXBuildFile; fileRef = 0CC638F9264186B30045820F /* MarkingScheme.swift */; };
		0CC638FC2642D9C20045820F /* StudentDetailTableViewCell.swift in Sources */ = {isa = PBXBuildFile; fileRef = 0CC638FB2642D9C20045820F /* StudentDetailTableViewCell.swift */; };
		EFCBB76A8EBF24201DE88B06 /* Pods_assignment3.framework in Frameworks */ = {isa = PBXBuildFile; fileRef = AB2DA381FD40521C5AA75DFB /* Pods_assignment3.framework */; };
/* End PBXBuildFile section */

/* Begin PBXFileReference section */
		0CC638B9263AF6B50045820F /* assignment3.app */ = {isa = PBXFileReference; explicitFileType = wrapper.application; includeInIndex = 0; path = assignment3.app; sourceTree = BUILT_PRODUCTS_DIR; };
		0CC638BC263AF6B50045820F /* AppDelegate.swift */ = {isa = PBXFileReference; lastKnownFileType = sourcecode.swift; path = AppDelegate.swift; sourceTree = "<group>"; };
		0CC638BE263AF6B50045820F /* SceneDelegate.swift */ = {isa = PBXFileReference; lastKnownFileType = sourcecode.swift; path = SceneDelegate.swift; sourceTree = "<group>"; };
		0CC638C0263AF6B50045820F /* WeeklySummaryViewController.swift */ = {isa = PBXFileReference; lastKnownFileType = sourcecode.swift; path = WeeklySummaryViewController.swift; sourceTree = "<group>"; };
		0CC638C3263AF6B50045820F /* Base */ = {isa = PBXFileReference; lastKnownFileType = file.storyboard; name = Base; path = Base.lproj/Main.storyboard; sourceTree = "<group>"; };
		0CC638C5263AF6B70045820F /* Assets.xcassets */ = {isa = PBXFileReference; lastKnownFileType = folder.assetcatalog; path = Assets.xcassets; sourceTree = "<group>"; };
		0CC638C8263AF6B70045820F /* Base */ = {isa = PBXFileReference; lastKnownFileType = file.storyboard; name = Base; path = Base.lproj/LaunchScreen.storyboard; sourceTree = "<group>"; };
		0CC638CA263AF6B70045820F /* Info.plist */ = {isa = PBXFileReference; lastKnownFileType = text.plist.xml; path = Info.plist; sourceTree = "<group>"; };
		0CC638D2263AF9770045820F /* GoogleService-Info.plist */ = {isa = PBXFileReference; fileEncoding = 4; lastKnownFileType = text.plist.xml; path = "GoogleService-Info.plist"; sourceTree = "<group>"; };
		0CC638DB263B07230045820F /* StudentListTableViewCell.swift */ = {isa = PBXFileReference; lastKnownFileType = sourcecode.swift; path = StudentListTableViewCell.swift; sourceTree = "<group>"; };
		0CC638DD263B07F60045820F /* StudentListViewController.swift */ = {isa = PBXFileReference; lastKnownFileType = sourcecode.swift; path = StudentListViewController.swift; sourceTree = "<group>"; };
		0CC638DF263B11370045820F /* TabBarViewController.swift */ = {isa = PBXFileReference; lastKnownFileType = sourcecode.swift; path = TabBarViewController.swift; sourceTree = "<group>"; };
		0CC638E1263C0D040045820F /* Student.swift */ = {isa = PBXFileReference; lastKnownFileType = sourcecode.swift; path = Student.swift; sourceTree = "<group>"; };
		0CC638E3263C10E10045820F /* AddStudentViewController.swift */ = {isa = PBXFileReference; lastKnownFileType = sourcecode.swift; path = AddStudentViewController.swift; sourceTree = "<group>"; };
		0CC638E7263C47820045820F /* StudentDetailViewController.swift */ = {isa = PBXFileReference; lastKnownFileType = sourcecode.swift; path = StudentDetailViewController.swift; sourceTree = "<group>"; };
		0CC638EE263D46F80045820F /* MarkingStudentViewController.swift */ = {isa = PBXFileReference; fileEncoding = 4; lastKnownFileType = sourcecode.swift; path = MarkingStudentViewController.swift; sourceTree = "<group>"; };
		0CC638F2263D4D6F0045820F /* MarkingStudentTableViewCell.swift */ = {isa = PBXFileReference; lastKnownFileType = sourcecode.swift; path = MarkingStudentTableViewCell.swift; sourceTree = "<group>"; };
		0CC638F4263FAE9B0045820F /* WeeklySummaryTableViewCell.swift */ = {isa = PBXFileReference; lastKnownFileType = sourcecode.swift; path = WeeklySummaryTableViewCell.swift; sourceTree = "<group>"; };
		0CC638F9264186B30045820F /* MarkingScheme.swift */ = {isa = PBXFileReference; lastKnownFileType = sourcecode.swift; path = MarkingScheme.swift; sourceTree = "<group>"; };
		0CC638FB2642D9C20045820F /* StudentDetailTableViewCell.swift */ = {isa = PBXFileReference; lastKnownFileType = sourcecode.swift; path = StudentDetailTableViewCell.swift; sourceTree = "<group>"; };
		0E023F97A294AEFD379BAA8A /* Pods-assignment3.release.xcconfig */ = {isa = PBXFileReference; includeInIndex = 1; lastKnownFileType = text.xcconfig; name = "Pods-assignment3.release.xcconfig"; path = "Target Support Files/Pods-assignment3/Pods-assignment3.release.xcconfig"; sourceTree = "<group>"; };
		AB2DA381FD40521C5AA75DFB /* Pods_assignment3.framework */ = {isa = PBXFileReference; explicitFileType = wrapper.framework; includeInIndex = 0; path = Pods_assignment3.framework; sourceTree = BUILT_PRODUCTS_DIR; };
		FB45294C56284E8100452089 /* Pods-assignment3.debug.xcconfig */ = {isa = PBXFileReference; includeInIndex = 1; lastKnownFileType = text.xcconfig; name = "Pods-assignment3.debug.xcconfig"; path = "Target Support Files/Pods-assignment3/Pods-assignment3.debug.xcconfig"; sourceTree = "<group>"; };
/* End PBXFileReference section */

/* Begin PBXFrameworksBuildPhase section */
		0CC638B6263AF6B50045820F /* Frameworks */ = {
			isa = PBXFrameworksBuildPhase;
			buildActionMask = 2147483647;
			files = (
				EFCBB76A8EBF24201DE88B06 /* Pods_assignment3.framework in Frameworks */,
			);
			runOnlyForDeploymentPostprocessing = 0;
		};
/* End PBXFrameworksBuildPhase section */

/* Begin PBXGroup section */
		0CC638B0263AF6B50045820F = {
			isa = PBXGroup;
			children = (
				0CC638BB263AF6B50045820F /* assignment3 */,
				0CC638BA263AF6B50045820F /* Products */,
				90B577356B21BC28F49F9291 /* Pods */,
				A22B696D31579987A4D4AB0A /* Frameworks */,
			);
			sourceTree = "<group>";
		};
		0CC638BA263AF6B50045820F /* Products */ = {
			isa = PBXGroup;
			children = (
				0CC638B9263AF6B50045820F /* assignment3.app */,
			);
			name = Products;
			sourceTree = "<group>";
		};
		0CC638BB263AF6B50045820F /* assignment3 */ = {
			isa = PBXGroup;
			children = (
				0CC638F82641861D0045820F /* Module */,
				0CC638F6263FAEAC0045820F /* WeeklySummary */,
				0CC638EB263D469A0045820F /* Marking */,
				0CC638DA263B06E30045820F /* StudentList */,
				0CC638D2263AF9770045820F /* GoogleService-Info.plist */,
				0CC638BC263AF6B50045820F /* AppDelegate.swift */,
				0CC638BE263AF6B50045820F /* SceneDelegate.swift */,
				0CC638C2263AF6B50045820F /* Main.storyboard */,
				0CC638DF263B11370045820F /* TabBarViewController.swift */,
				0CC638C5263AF6B70045820F /* Assets.xcassets */,
				0CC638C7263AF6B70045820F /* LaunchScreen.storyboard */,
				0CC638CA263AF6B70045820F /* Info.plist */,
			);
			path = assignment3;
			sourceTree = "<group>";
		};
		0CC638DA263B06E30045820F /* StudentList */ = {
			isa = PBXGroup;
			children = (
				0CC638DB263B07230045820F /* StudentListTableViewCell.swift */,
				0CC638FB2642D9C20045820F /* StudentDetailTableViewCell.swift */,
				0CC638DD263B07F60045820F /* StudentListViewController.swift */,
				0CC638E3263C10E10045820F /* AddStudentViewController.swift */,
				0CC638E7263C47820045820F /* StudentDetailViewController.swift */,
			);
			path = StudentList;
			sourceTree = "<group>";
		};
		0CC638EB263D469A0045820F /* Marking */ = {
			isa = PBXGroup;
			children = (
				0CC638EE263D46F80045820F /* MarkingStudentViewController.swift */,
				0CC638F2263D4D6F0045820F /* MarkingStudentTableViewCell.swift */,
			);
			path = Marking;
			sourceTree = "<group>";
		};
		0CC638F6263FAEAC0045820F /* WeeklySummary */ = {
			isa = PBXGroup;
			children = (
				0CC638C0263AF6B50045820F /* WeeklySummaryViewController.swift */,
				0CC638F4263FAE9B0045820F /* WeeklySummaryTableViewCell.swift */,
			);
			path = WeeklySummary;
			sourceTree = "<group>";
		};
		0CC638F82641861D0045820F /* Module */ = {
			isa = PBXGroup;
			children = (
				0CC638E1263C0D040045820F /* Student.swift */,
				0CC638F9264186B30045820F /* MarkingScheme.swift */,
			);
			path = Module;
			sourceTree = "<group>";
		};
		90B577356B21BC28F49F9291 /* Pods */ = {
			isa = PBXGroup;
			children = (
				FB45294C56284E8100452089 /* Pods-assignment3.debug.xcconfig */,
				0E023F97A294AEFD379BAA8A /* Pods-assignment3.release.xcconfig */,
			);
			path = Pods;
			sourceTree = "<group>";
		};
		A22B696D31579987A4D4AB0A /* Frameworks */ = {
			isa = PBXGroup;
			children = (
				AB2DA381FD40521C5AA75DFB /* Pods_assignment3.framework */,
			);
			name = Frameworks;
			sourceTree = "<group>";
		};
/* End PBXGroup section */

/* Begin PBXNativeTarget section */
		0CC638B8263AF6B50045820F /* assignment3 */ = {
			isa = PBXNativeTarget;
			buildConfigurationList = 0CC638CD263AF6B70045820F /* Build configuration list for PBXNativeTarget "assignment3" */;
			buildPhases = (
				D5B13471008A9092DBAB2693 /* [CP] Check Pods Manifest.lock */,
				0CC638B5263AF6B50045820F /* Sources */,
				0CC638B6263AF6B50045820F /* Frameworks */,
				0CC638B7263AF6B50045820F /* Resources */,
				D2DA8E10072CDB49090D740C /* [CP] Embed Pods Frameworks */,
			);
			buildRules = (
			);
			dependencies = (
			);
			name = assignment3;
			productName = assignment3;
			productReference = 0CC638B9263AF6B50045820F /* assignment3.app */;
			productType = "com.apple.product-type.application";
		};
/* End PBXNativeTarget section */

/* Begin PBXProject section */
		0CC638B1263AF6B50045820F /* Project object */ = {
			isa = PBXProject;
			attributes = {
				LastSwiftUpdateCheck = 1250;
				LastUpgradeCheck = 1250;
				TargetAttributes = {
					0CC638B8263AF6B50045820F = {
						CreatedOnToolsVersion = 12.5;
					};
				};
			};
			buildConfigurationList = 0CC638B4263AF6B50045820F /* Build configuration list for PBXProject "assignment3" */;
			compatibilityVersion = "Xcode 9.3";
			developmentRegion = en;
			hasScannedForEncodings = 0;
			knownRegions = (
				en,
				Base,
			);
			mainGroup = 0CC638B0263AF6B50045820F;
			productRefGroup = 0CC638BA263AF6B50045820F /* Products */;
			projectDirPath = "";
			projectRoot = "";
			targets = (
				0CC638B8263AF6B50045820F /* assignment3 */,
			);
		};
/* End PBXProject section */

/* Begin PBXResourcesBuildPhase section */
		0CC638B7263AF6B50045820F /* Resources */ = {
			isa = PBXResourcesBuildPhase;
			buildActionMask = 2147483647;
			files = (
				0CC638C9263AF6B70045820F /* LaunchScreen.storyboard in Resources */,
				0CC638D3263AF9770045820F /* GoogleService-Info.plist in Resources */,
				0CC638C6263AF6B70045820F /* Assets.xcassets in Resources */,
				0CC638C4263AF6B50045820F /* Main.storyboard in Resources */,
			);
			runOnlyForDeploymentPostprocessing = 0;
		};
/* End PBXResourcesBuildPhase section */

/* Begin PBXShellScriptBuildPhase section */
		D2DA8E10072CDB49090D740C /* [CP] Embed Pods Frameworks */ = {
			isa = PBXShellScriptBuildPhase;
			buildActionMask = 2147483647;
			files = (
			);
			inputFileListPaths = (
				"${PODS_ROOT}/Target Support Files/Pods-assignment3/Pods-assignment3-frameworks-${CONFIGURATION}-input-files.xcfilelist",
			);
			name = "[CP] Embed Pods Frameworks";
			outputFileListPaths = (
				"${PODS_ROOT}/Target Support Files/Pods-assignment3/Pods-assignment3-frameworks-${CONFIGURATION}-output-files.xcfilelist",
			);
			runOnlyForDeploymentPostprocessing = 0;
			shellPath = /bin/sh;
			shellScript = "\"${PODS_ROOT}/Target Support Files/Pods-assignment3/Pods-assignment3-frameworks.sh\"\n";
			showEnvVarsInLog = 0;
		};
		D5B13471008A9092DBAB2693 /* [CP] Check Pods Manifest.lock */ = {
			isa = PBXShellScriptBuildPhase;
			buildActionMask = 2147483647;
			files = (
			);
			inputFileListPaths = (
			);
			inputPaths = (
				"${PODS_PODFILE_DIR_PATH}/Podfile.lock",
				"${PODS_ROOT}/Manifest.lock",
			);
			name = "[CP] Check Pods Manifest.lock";
			outputFileListPaths = (
			);
			outputPaths = (
				"$(DERIVED_FILE_DIR)/Pods-assignment3-checkManifestLockResult.txt",
			);
			runOnlyForDeploymentPostprocessing = 0;
			shellPath = /bin/sh;
			shellScript = "diff \"${PODS_PODFILE_DIR_PATH}/Podfile.lock\" \"${PODS_ROOT}/Manifest.lock\" > /dev/null\nif [ $? != 0 ] ; then\n    # print error to STDERR\n    echo \"error: The sandbox is not in sync with the Podfile.lock. Run 'pod install' or update your CocoaPods installation.\" >&2\n    exit 1\nfi\n# This output is used by Xcode 'outputs' to avoid re-running this script phase.\necho \"SUCCESS\" > \"${SCRIPT_OUTPUT_FILE_0}\"\n";
			showEnvVarsInLog = 0;
		};
/* End PBXShellScriptBuildPhase section */

/* Begin PBXSourcesBuildPhase section */
		0CC638B5263AF6B50045820F /* Sources */ = {
			isa = PBXSourcesBuildPhase;
			buildActionMask = 2147483647;
			files = (
				0CC638FA264186B30045820F /* MarkingScheme.swift in Sources */,
				0CC638F3263D4D6F0045820F /* MarkingStudentTableViewCell.swift in Sources */,
				0CC638BD263AF6B50045820F /* AppDelegate.swift in Sources */,
				0CC638E4263C10E10045820F /* AddStudentViewController.swift in Sources */,
				0CC638DC263B07230045820F /* StudentListTableViewCell.swift in Sources */,
				0CC638EF263D46F80045820F /* MarkingStudentViewController.swift in Sources */,
				0CC638DE263B07F60045820F /* StudentListViewController.swift in Sources */,
				0CC638E0263B11370045820F /* TabBarViewController.swift in Sources */,
				0CC638E8263C47820045820F /* StudentDetailViewController.swift in Sources */,
				0CC638BF263AF6B50045820F /* SceneDelegate.swift in Sources */,
				0CC638E2263C0D040045820F /* Student.swift in Sources */,
				0CC638F7263FB2A40045820F /* WeeklySummaryViewController.swift in Sources */,
				0CC638FC2642D9C20045820F /* StudentDetailTableViewCell.swift in Sources */,
				0CC638F5263FAE9B0045820F /* WeeklySummaryTableViewCell.swift in Sources */,
			);
			runOnlyForDeploymentPostprocessing = 0;
		};
/* End PBXSourcesBuildPhase section */

/* Begin PBXVariantGroup section */
		0CC638C2263AF6B50045820F /* Main.storyboard */ = {
			isa = PBXVariantGroup;
			children = (
				0CC638C3263AF6B50045820F /* Base */,
			);
			name = Main.storyboard;
			sourceTree = "<group>";
		};
		0CC638C7263AF6B70045820F /* LaunchScreen.storyboard */ = {
			isa = PBXVariantGroup;
			children = (
				0CC638C8263AF6B70045820F /* Base */,
			);
			name = LaunchScreen.storyboard;
			sourceTree = "<group>";
		};
/* End PBXVariantGroup section */

/* Begin XCBuildConfiguration section */
		0CC638CB263AF6B70045820F /* Debug */ = {
			isa = XCBuildConfiguration;
			buildSettings = {
				ALWAYS_SEARCH_USER_PATHS = NO;
				CLANG_ANALYZER_NONNULL = YES;
				CLANG_ANALYZER_NUMBER_OBJECT_CONVERSION = YES_AGGRESSIVE;
				CLANG_CXX_LANGUAGE_STANDARD = "gnu++14";
				CLANG_CXX_LIBRARY = "libc++";
				CLANG_ENABLE_MODULES = YES;
				CLANG_ENABLE_OBJC_ARC = YES;
				CLANG_ENABLE_OBJC_WEAK = YES;
				CLANG_WARN_BLOCK_CAPTURE_AUTORELEASING = YES;
				CLANG_WARN_BOOL_CONVERSION = YES;
				CLANG_WARN_COMMA = YES;
				CLANG_WARN_CONSTANT_CONVERSION = YES;
				CLANG_WARN_DEPRECATED_OBJC_IMPLEMENTATIONS = YES;
				CLANG_WARN_DIRECT_OBJC_ISA_USAGE = YES_ERROR;
				CLANG_WARN_DOCUMENTATION_COMMENTS = YES;
				CLANG_WARN_EMPTY_BODY = YES;
				CLANG_WARN_ENUM_CONVERSION = YES;
				CLANG_WARN_INFINITE_RECURSION = YES;
				CLANG_WARN_INT_CONVERSION = YES;
				CLANG_WARN_NON_LITERAL_NULL_CONVERSION = YES;
				CLANG_WARN_OBJC_IMPLICIT_RETAIN_SELF = YES;
				CLANG_WARN_OBJC_LITERAL_CONVERSION = YES;
				CLANG_WARN_OBJC_ROOT_CLASS = YES_ERROR;
				CLANG_WARN_QUOTED_INCLUDE_IN_FRAMEWORK_HEADER = YES;
				CLANG_WARN_RANGE_LOOP_ANALYSIS = YES;
				CLANG_WARN_STRICT_PROTOTYPES = YES;
				CLANG_WARN_SUSPICIOUS_MOVE = YES;
				CLANG_WARN_UNGUARDED_AVAILABILITY = YES_AGGRESSIVE;
				CLANG_WARN_UNREACHABLE_CODE = YES;
				CLANG_WARN__DUPLICATE_METHOD_MATCH = YES;
				COPY_PHASE_STRIP = NO;
				DEBUG_INFORMATION_FORMAT = dwarf;
				ENABLE_STRICT_OBJC_MSGSEND = YES;
				ENABLE_TESTABILITY = YES;
				GCC_C_LANGUAGE_STANDARD = gnu11;
				GCC_DYNAMIC_NO_PIC = NO;
				GCC_NO_COMMON_BLOCKS = YES;
				GCC_OPTIMIZATION_LEVEL = 0;
				GCC_PREPROCESSOR_DEFINITIONS = (
					"DEBUG=1",
					"$(inherited)",
				);
				GCC_WARN_64_TO_32_BIT_CONVERSION = YES;
				GCC_WARN_ABOUT_RETURN_TYPE = YES_ERROR;
				GCC_WARN_UNDECLARED_SELECTOR = YES;
				GCC_WARN_UNINITIALIZED_AUTOS = YES_AGGRESSIVE;
				GCC_WARN_UNUSED_FUNCTION = YES;
				GCC_WARN_UNUSED_VARIABLE = YES;
				IPHONEOS_DEPLOYMENT_TARGET = 14.5;
				MTL_ENABLE_DEBUG_INFO = INCLUDE_SOURCE;
				MTL_FAST_MATH = YES;
				ONLY_ACTIVE_ARCH = YES;
				SDKROOT = iphoneos;
				SWIFT_ACTIVE_COMPILATION_CONDITIONS = DEBUG;
				SWIFT_OPTIMIZATION_LEVEL = "-Onone";
			};
			name = Debug;
		};
		0CC638CC263AF6B70045820F /* Release */ = {
			isa = XCBuildConfiguration;
			buildSettings = {
				ALWAYS_SEARCH_USER_PATHS = NO;
				CLANG_ANALYZER_NONNULL = YES;
				CLANG_ANALYZER_NUMBER_OBJECT_CONVERSION = YES_AGGRESSIVE;
				CLANG_CXX_LANGUAGE_STANDARD = "gnu++14";
				CLANG_CXX_LIBRARY = "libc++";
				CLANG_ENABLE_MODULES = YES;
				CLANG_ENABLE_OBJC_ARC = YES;
				CLANG_ENABLE_OBJC_WEAK = YES;
				CLANG_WARN_BLOCK_CAPTURE_AUTORELEASING = YES;
				CLANG_WARN_BOOL_CONVERSION = YES;
				CLANG_WARN_COMMA = YES;
				CLANG_WARN_CONSTANT_CONVERSION = YES;
				CLANG_WARN_DEPRECATED_OBJC_IMPLEMENTATIONS = YES;
				CLANG_WARN_DIRECT_OBJC_ISA_USAGE = YES_ERROR;
				CLANG_WARN_DOCUMENTATION_COMMENTS = YES;
				CLANG_WARN_EMPTY_BODY = YES;
				CLANG_WARN_ENUM_CONVERSION = YES;
				CLANG_WARN_INFINITE_RECURSION = YES;
				CLANG_WARN_INT_CONVERSION = YES;
				CLANG_WARN_NON_LITERAL_NULL_CONVERSION = YES;
				CLANG_WARN_OBJC_IMPLICIT_RETAIN_SELF = YES;
				CLANG_WARN_OBJC_LITERAL_CONVERSION = YES;
				CLANG_WARN_OBJC_ROOT_CLASS = YES_ERROR;
				CLANG_WARN_QUOTED_INCLUDE_IN_FRAMEWORK_HEADER = YES;
				CLANG_WARN_RANGE_LOOP_ANALYSIS = YES;
				CLANG_WARN_STRICT_PROTOTYPES = YES;
				CLANG_WARN_SUSPICIOUS_MOVE = YES;
				CLANG_WARN_UNGUARDED_AVAILABILITY = YES_AGGRESSIVE;
				CLANG_WARN_UNREACHABLE_CODE = YES;
				CLANG_WARN__DUPLICATE_METHOD_MATCH = YES;
				COPY_PHASE_STRIP = NO;
				DEBUG_INFORMATION_FORMAT = "dwarf-with-dsym";
				ENABLE_NS_ASSERTIONS = NO;
				ENABLE_STRICT_OBJC_MSGSEND = YES;
				GCC_C_LANGUAGE_STANDARD = gnu11;
				GCC_NO_COMMON_BLOCKS = YES;
				GCC_WARN_64_TO_32_BIT_CONVERSION = YES;
				GCC_WARN_ABOUT_RETURN_TYPE = YES_ERROR;
				GCC_WARN_UNDECLARED_SELECTOR = YES;
				GCC_WARN_UNINITIALIZED_AUTOS = YES_AGGRESSIVE;
				GCC_WARN_UNUSED_FUNCTION = YES;
				GCC_WARN_UNUSED_VARIABLE = YES;
				IPHONEOS_DEPLOYMENT_TARGET = 14.5;
				MTL_ENABLE_DEBUG_INFO = NO;
				MTL_FAST_MATH = YES;
				SDKROOT = iphoneos;
				SWIFT_COMPILATION_MODE = wholemodule;
				SWIFT_OPTIMIZATION_LEVEL = "-O";
				VALIDATE_PRODUCT = YES;
			};
			name = Release;
		};
		0CC638CE263AF6B70045820F /* Debug */ = {
			isa = XCBuildConfiguration;
			baseConfigurationReference = FB45294C56284E8100452089 /* Pods-assignment3.debug.xcconfig */;
			buildSettings = {
				ASSETCATALOG_COMPILER_APPICON_NAME = AppIcon;
				ASSETCATALOG_COMPILER_GLOBAL_ACCENT_COLOR_NAME = AccentColor;
				CODE_SIGN_STYLE = Automatic;
				INFOPLIST_FILE = assignment3/Info.plist;
				IPHONEOS_DEPLOYMENT_TARGET = 14.3;
				LD_RUNPATH_SEARCH_PATHS = (
					"$(inherited)",
					"@executable_path/Frameworks",
				);
				PRODUCT_BUNDLE_IDENTIFIER = au.edu.utas.yucongz.assignment3;
				PRODUCT_NAME = "$(TARGET_NAME)";
				SWIFT_VERSION = 5.0;
				TARGETED_DEVICE_FAMILY = "1,2";
			};
			name = Debug;
		};
		0CC638CF263AF6B70045820F /* Release */ = {
			isa = XCBuildConfiguration;
			baseConfigurationReference = 0E023F97A294AEFD379BAA8A /* Pods-assignment3.release.xcconfig */;
			buildSettings = {
				ASSETCATALOG_COMPILER_APPICON_NAME = AppIcon;
				ASSETCATALOG_COMPILER_GLOBAL_ACCENT_COLOR_NAME = AccentColor;
				CODE_SIGN_STYLE = Automatic;
				INFOPLIST_FILE = assignment3/Info.plist;
				IPHONEOS_DEPLOYMENT_TARGET = 14.3;
				LD_RUNPATH_SEARCH_PATHS = (
					"$(inherited)",
					"@executable_path/Frameworks",
				);
				PRODUCT_BUNDLE_IDENTIFIER = au.edu.utas.yucongz.assignment3;
				PRODUCT_NAME = "$(TARGET_NAME)";
				SWIFT_VERSION = 5.0;
				TARGETED_DEVICE_FAMILY = "1,2";
			};
			name = Release;
		};
/* End XCBuildConfiguration section */

/* Begin XCConfigurationList section */
		0CC638B4263AF6B50045820F /* Build configuration list for PBXProject "assignment3" */ = {
			isa = XCConfigurationList;
			buildConfigurations = (
				0CC638CB263AF6B70045820F /* Debug */,
				0CC638CC263AF6B70045820F /* Release */,
			);
			defaultConfigurationIsVisible = 0;
			defaultConfigurationName = Release;
		};
		0CC638CD263AF6B70045820F /* Build configuration list for PBXNativeTarget "assignment3" */ = {
			isa = XCConfigurationList;
			buildConfigurations = (
				0CC638CE263AF6B70045820F /* Debug */,
				0CC638CF263AF6B70045820F /* Release */,
			);
			defaultConfigurationIsVisible = 0;
			defaultConfigurationName = Release;
		};
/* End XCConfigurationList section */
	};
	rootObject = 0CC638B1263AF6B50045820F /* Project object */;
}
